github.com/dlukt/namedconf v0.0.0-20250813233724-a6772f2a62f9/go.mod h1:ecqUavgTZxb+SmzMB4gebWxLOo/+GGsHa0gRMTBGAvE=
github.com/dlukt/namedconf v0.0.0-20250814190933-9f39ecc3cca0 h1:8iIPDBK+l3oxuutpXPhaG3xTnRr4bI3CSUaEa55GwN0=
github.com/dlukt/namedconf v0.0.0-20250814190933-9f39ecc3cca0/go.mod h1:ecqUavgTZxb+SmzMB4gebWxLOo/+GGsHa0gRMTBGAvE=
